
Microsoft Visual Studio Solution File, Format Version 12.00
# Visual Studio Version 17
VisualStudioVersion = 17.14.37516.0
MinimumVisualStudioVersion = 10.0.40219.1
Project("{FAE04EC0-301F-11D3-BF4B-00C04F79EFBC}") = "FlowChartImporter.Cli", "FlowChartImporter.Cli\FlowChartImporter.Cli.csproj", "{A56BC0FA-A5BE-48CF-882B-7807569D95C9}"
EndProject
Project("{FAE04EC0-301F-11D3-BF4B-00C04F79EFBC}") = "FlowChartImporter.Core", "FlowChartImporter.Core\FlowChartImporter.Core.csproj", "{15E0CC49-4B4E-4968-8956-533DBF0E64FD}"
EndProject
Global
	GlobalSection(SolutionConfigurationPlatforms) = preSolution
		Debug|Any CPU = Debug|Any CPU
		Debug|x64 = Debug|x64
		Debug|x86 = Debug|x86
		Release|Any CPU = Release|Any CPU
		Release|x64 = Release|x64
		Release|x86 = Release|x86
	EndGlobalSection
	GlobalSection(ProjectConfigurationPlatforms) = postSolution
		{A56BC0FA-A5BE-48CF-882B-7807569D95C9}.Debug|Any CPU.ActiveCfg = Debug|Any CPU
		{A56BC0FA-A5BE-48CF-882B-7807569D95C9}.Debug|Any CPU.Build.0 = Debug|Any CPU
		{A56BC0FA-A5BE-48CF-882B-7807569D95C9}.Debug|x64.ActiveCfg = Debug|Any CPU
		{A56BC0FA-A5BE-48CF-882B-7807569D95C9}.Debug|x64.Build.0 = Debug|Any CPU
		{A56BC0FA-A5BE-48CF-882B-7807569D95C9}.Debug|x86.ActiveCfg = Debug|Any CPU
		{A56BC0FA-A5BE-48CF-882B-7807569D95C9}.Debug|x86.Build.0 = Debug|Any CPU
		{A56BC0FA-A5BE-48CF-882B-7807569D95C9}.Release|Any CPU.ActiveCfg = Release|Any CPU
		{A56BC0FA-A5BE-48CF-882B-7807569D95C9}.Release|Any CPU.Build.0 = Release|Any CPU
		{A56BC0FA-A5BE-48CF-882B-7807569D95C9}.Release|x64.ActiveCfg = Release|Any CPU
		{A56BC0FA-A5BE-48CF-882B-7807569D95C9}.Release|x64.Build.0 = Release|Any CPU
		{A56BC0FA-A5BE-48CF-882B-7807569D95C9}.Release|x86.ActiveCfg = Release|Any CPU
		{A56BC0FA-A5BE-48CF-882B-7807569D95C9}.Release|x86.Build.0 = Release|Any CPU
		{15E0CC49-4B4E-4968-8956-533DBF0E64FD}.Debug|Any CPU.ActiveCfg = Debug|Any CPU
		{15E0CC49-4B4E-4968-8956-533DBF0E64FD}.Debug|Any CPU.Build.0 = Debug|Any CPU
		{15E0CC49-4B4E-4968-8956-533DBF0E64FD}.Debug|x64.ActiveCfg = Debug|Any CPU
		{15E0CC49-4B4E-4968-8956-533DBF0E64FD}.Debug|x64.Build.0 = Debug|Any CPU
		{15E0CC49-4B4E-4968-8956-533DBF0E64FD}.Debug|x86.ActiveCfg = Debug|Any CPU
		{15E0CC49-4B4E-4968-8956-533DBF0E64FD}.Debug|x86.Build.0 = Debug|Any CPU
		{15E0CC49-4B4E-4968-8956-533DBF0E64FD}.Release|Any CPU.ActiveCfg = Release|Any CPU
		{15E0CC49-4B4E-4968-8956-533DBF0E64FD}.Release|Any CPU.Build.0 = Release|Any CPU
		{15E0CC49-4B4E-4968-8956-533DBF0E64FD}.Release|x64.ActiveCfg = Release|Any CPU
		{15E0CC49-4B4E-4968-8956-533DBF0E64FD}.Release|x64.Build.0 = Release|Any CPU
		{15E0CC49-4B4E-4968-8956-533DBF0E64FD}.Release|x86.ActiveCfg = Release|Any CPU
		{15E0CC49-4B4E-4968-8956-533DBF0E64FD}.Release|x86.Build.0 = Release|Any CPU
	EndGlobalSection
	GlobalSection(SolutionProperties) = preSolution
		HideSolutionNode = FALSE
	EndGlobalSection
	GlobalSection(ExtensibilityGlobals) = postSolution
		SolutionGuid = {ED6F0130-45EA-4CAC-8B23-D6E48A32DE55}
	EndGlobalSection
EndGlobal
